// !$*UTF8*$!
{
	archiveVersion = 1;
	classes = {
	};
	objectVersion = 50;
	objects = {

/* Begin PBXBuildFile section */
		4000D753228DEDE50090CA4E /* FundaApi.framework in Frameworks */ = {isa = PBXBuildFile; fileRef = 4000D749228DEDE40090CA4E /* FundaApi.framework */; };
		4000D758228DEDE50090CA4E /* FundaApiTests.swift in Sources */ = {isa = PBXBuildFile; fileRef = 4000D757228DEDE50090CA4E /* FundaApiTests.swift */; };
		4000D75A228DEDE50090CA4E /* FundaApi.h in Headers */ = {isa = PBXBuildFile; fileRef = 4000D74C228DEDE40090CA4E /* FundaApi.h */; settings = {ATTRIBUTES = (Public, ); }; };
/* End PBXBuildFile section */

/* Begin PBXContainerItemProxy section */
		4000D754228DEDE50090CA4E /* PBXContainerItemProxy */ = {
			isa = PBXContainerItemProxy;
			containerPortal = 4000D740228DEDE40090CA4E /* Project object */;
			proxyType = 1;
			remoteGlobalIDString = 4000D748228DEDE40090CA4E;
			remoteInfo = FundaApi;
		};
/* End PBXContainerItemProxy section */

/* Begin PBXFileReference section */
		4000D749228DEDE40090CA4E /* FundaApi.framework */ = {isa = PBXFileReference; explicitFileType = wrapper.framework; includeInIndex = 0; path = FundaApi.framework; sourceTree = BUILT_PRODUCTS_DIR; };
		4000D74C228DEDE40090CA4E /* FundaApi.h */ = {isa = PBXFileReference; lastKnownFileType = sourcecode.c.h; path = FundaApi.h; sourceTree = "<group>"; };
		4000D74D228DEDE40090CA4E /* Info.plist */ = {isa = PBXFileReference; lastKnownFileType = text.plist.xml; path = Info.plist; sourceTree = "<group>"; };
		4000D752228DEDE50090CA4E /* FundaApiTests.xctest */ = {isa = PBXFileReference; explicitFileType = wrapper.cfbundle; includeInIndex = 0; path = FundaApiTests.xctest; sourceTree = BUILT_PRODUCTS_DIR; };
		4000D757228DEDE50090CA4E /* FundaApiTests.swift */ = {isa = PBXFileReference; lastKnownFileType = sourcecode.swift; path = FundaApiTests.swift; sourceTree = "<group>"; };
		4000D759228DEDE50090CA4E /* Info.plist */ = {isa = PBXFileReference; lastKnownFileType = text.plist.xml; path = Info.plist; sourceTree = "<group>"; };
/* End PBXFileReference section */

/* Begin PBXFrameworksBuildPhase section */
		4000D746228DEDE40090CA4E /* Frameworks */ = {
			isa = PBXFrameworksBuildPhase;
			buildActionMask = 2147483647;
			files = (
			);
			runOnlyForDeploymentPostprocessing = 0;
		};
		4000D74F228DEDE50090CA4E /* Frameworks */ = {
			isa = PBXFrameworksBuildPhase;
			buildActionMask = 2147483647;
			files = (
				4000D753228DEDE50090CA4E /* FundaApi.framework in Frameworks */,
			);
			runOnlyForDeploymentPostprocessing = 0;
		};
/* End PBXFrameworksBuildPhase section */

/* Begin PBXGroup section */
		4000D73F228DEDE40090CA4E = {
			isa = PBXGroup;
			children = (
				4000D74B228DEDE40090CA4E /* FundaApi */,
				4000D756228DEDE50090CA4E /* FundaApiTests */,
				4000D74A228DEDE40090CA4E /* Products */,
			);
			sourceTree = "<group>";
		};
		4000D74A228DEDE40090CA4E /* Products */ = {
			isa = PBXGroup;
			children = (
				4000D749228DEDE40090CA4E /* FundaApi.framework */,
				4000D752228DEDE50090CA4E /* FundaApiTests.xctest */,
			);
			name = Products;
			sourceTree = "<group>";
		};
		4000D74B228DEDE40090CA4E /* FundaApi */ = {
			isa = PBXGroup;
			children = (
				4000D74C228DEDE40090CA4E /* FundaApi.h */,
				4000D74D228DEDE40090CA4E /* Info.plist */,
			);
			path = FundaApi;
			sourceTree = "<group>";
		};
		4000D756228DEDE50090CA4E /* FundaApiTests */ = {
			isa = PBXGroup;
			children = (
				4000D757228DEDE50090CA4E /* FundaApiTests.swift */,
				4000D759228DEDE50090CA4E /* Info.plist */,
			);
			path = FundaApiTests;
			sourceTree = "<group>";
		};
/* End PBXGroup section */

/* Begin PBXHeadersBuildPhase section */
		4000D744228DEDE40090CA4E /* Headers */ = {
			isa = PBXHeadersBuildPhase;
			buildActionMask = 2147483647;
			files = (
				4000D75A228DEDE50090CA4E /* FundaApi.h in Headers */,
			);
			runOnlyForDeploymentPostprocessing = 0;
		};
/* End PBXHeadersBuildPhase section */

/* Begin PBXNativeTarget section */
		4000D748228DEDE40090CA4E /* FundaApi */ = {
			isa = PBXNativeTarget;
			buildConfigurationList = 4000D75D228DEDE50090CA4E /* Build configuration list for PBXNativeTarget "FundaApi" */;
			buildPhases = (
				4000D744228DEDE40090CA4E /* Headers */,
				4000D745228DEDE40090CA4E /* Sources */,
				4000D746228DEDE40090CA4E /* Frameworks */,
				4000D747228DEDE40090CA4E /* Resources */,
			);
			buildRules = (
			);
			dependencies = (
			);
			name = FundaApi;
			productName = FundaApi;
			productReference = 4000D749228DEDE40090CA4E /* FundaApi.framework */;
			productType = "com.apple.product-type.framework";
		};
		4000D751228DEDE50090CA4E /* FundaApiTests */ = {
			isa = PBXNativeTarget;
			buildConfigurationList = 4000D760228DEDE50090CA4E /* Build configuration list for PBXNativeTarget "FundaApiTests" */;
			buildPhases = (
				4000D74E228DEDE50090CA4E /* Sources */,
				4000D74F228DEDE50090CA4E /* Frameworks */,
				4000D750228DEDE50090CA4E /* Resources */,
			);
			buildRules = (
			);
			dependencies = (
				4000D755228DEDE50090CA4E /* PBXTargetDependency */,
			);
			name = FundaApiTests;
			productName = FundaApiTests;
			productReference = 4000D752228DEDE50090CA4E /* FundaApiTests.xctest */;
			productType = "com.apple.product-type.bundle.unit-test";
		};
/* End PBXNativeTarget section */

/* Begin PBXProject section */
		4000D740228DEDE40090CA4E /* Project object */ = {
			isa = PBXProject;
			attributes = {
				LastSwiftUpdateCheck = 1020;
				LastUpgradeCheck = 1020;
				ORGANIZATIONNAME = "Vladimir Abramichev";
				TargetAttributes = {
					4000D748228DEDE40090CA4E = {
						CreatedOnToolsVersion = 10.2.1;
					};
					4000D751228DEDE50090CA4E = {
						CreatedOnToolsVersion = 10.2.1;
					};
				};
			};
			buildConfigurationList = 4000D743228DEDE40090CA4E /* Build configuration list for PBXProject "FundaApi" */;
			compatibilityVersion = "Xcode 9.3";
			developmentRegion = en;
			hasScannedForEncodings = 0;
			knownRegions = (
				en,
			);
			mainGroup = 4000D73F228DEDE40090CA4E;
			productRefGroup = 4000D74A228DEDE40090CA4E /* Products */;
			projectDirPath = "";
			projectRoot = "";
			targets = (
				4000D748228DEDE40090CA4E /* FundaApi */,
				4000D751228DEDE50090CA4E /* FundaApiTests */,
			);
		};
/* End PBXProject section */

/* Begin PBXResourcesBuildPhase section */
		4000D747228DEDE40090CA4E /* Resources */ = {
			isa = PBXResourcesBuildPhase;
			buildActionMask = 2147483647;
			files = (
			);
			runOnlyForDeploymentPostprocessing = 0;
		};
		4000D750228DEDE50090CA4E /* Resources */ = {
			isa = PBXResourcesBuildPhase;
			buildActionMask = 2147483647;
			files = (
			);
			runOnlyForDeploymentPostprocessing = 0;
		};
/* End PBXResourcesBuildPhase section */

/* Begin PBXSourcesBuildPhase section */
		4000D745228DEDE40090CA4E /* Sources */ = {
			isa = PBXSourcesBuildPhase;
			buildActionMask = 2147483647;
			files = (
			);
			runOnlyForDeploymentPostprocessing = 0;
		};
		4000D74E228DEDE50090CA4E /* Sources */ = {
			isa = PBXSourcesBuildPhase;
			buildActionMask = 2147483647;
			files = (
				4000D758228DEDE50090CA4E /* FundaApiTests.swift in Sources */,
			);
			runOnlyForDeploymentPostprocessing = 0;
		};
/* End PBXSourcesBuildPhase section */

/* Begin PBXTargetDependency section */
		4000D755228DEDE50090CA4E /* PBXTargetDependency */ = {
			isa = PBXTargetDependency;
			target = 4000D748228DEDE40090CA4E /* FundaApi */;
			targetProxy = 4000D754228DEDE50090CA4E /* PBXContainerItemProxy */;
		};
/* End PBXTargetDependency section */

/* Begin XCBuildConfiguration section */
		4000D75B228DEDE50090CA4E /* Debug */ = {
			isa = XCBuildConfiguration;
			buildSettings = {
				ALWAYS_SEARCH_USER_PATHS = NO;
				CLANG_ANALYZER_NONNULL = YES;
				CLANG_ANALYZER_NUMBER_OBJECT_CONVERSION = YES_AGGRESSIVE;
				CLANG_CXX_LANGUAGE_STANDARD = "gnu++14";
				CLANG_CXX_LIBRARY = "libc++";
				CLANG_ENABLE_MODULES = YES;
				CLANG_ENABLE_OBJC_ARC = YES;
				CLANG_ENABLE_OBJC_WEAK = YES;
				CLANG_WARN_BLOCK_CAPTURE_AUTORELEASING = YES;
				CLANG_WARN_BOOL_CONVERSION = YES;
				CLANG_WARN_COMMA = YES;
				CLANG_WARN_CONSTANT_CONVERSION = YES;
				CLANG_WARN_DEPRECATED_OBJC_IMPLEMENTATIONS = YES;
				CLANG_WARN_DIRECT_OBJC_ISA_USAGE = YES_ERROR;
				CLANG_WARN_DOCUMENTATION_COMMENTS = YES;
				CLANG_WARN_EMPTY_BODY = YES;
				CLANG_WARN_ENUM_CONVERSION = YES;
				CLANG_WARN_INFINITE_RECURSION = YES;
				CLANG_WARN_INT_CONVERSION = YES;
				CLANG_WARN_NON_LITERAL_NULL_CONVERSION = YES;
				CLANG_WARN_OBJC_IMPLICIT_RETAIN_SELF = YES;
				CLANG_WARN_OBJC_LITERAL_CONVERSION = YES;
				CLANG_WARN_OBJC_ROOT_CLASS = YES_ERROR;
				CLANG_WARN_RANGE_LOOP_ANALYSIS = YES;
				CLANG_WARN_STRICT_PROTOTYPES = YES;
				CLANG_WARN_SUSPICIOUS_MOVE = YES;
				CLANG_WARN_UNGUARDED_AVAILABILITY = YES_AGGRESSIVE;
				CLANG_WARN_UNREACHABLE_CODE = YES;
				CLANG_WARN__DUPLICATE_METHOD_MATCH = YES;
				CODE_SIGN_IDENTITY = "iPhone Developer";
				COPY_PHASE_STRIP = NO;
				CURRENT_PROJECT_VERSION = 1;
				DEBUG_INFORMATION_FORMAT = dwarf;
				ENABLE_STRICT_OBJC_MSGSEND = YES;
				ENABLE_TESTABILITY = YES;
				GCC_C_LANGUAGE_STANDARD = gnu11;
				GCC_DYNAMIC_NO_PIC = NO;
				GCC_NO_COMMON_BLOCKS = YES;
				GCC_OPTIMIZATION_LEVEL = 0;
				GCC_PREPROCESSOR_DEFINITIONS = (
					"DEBUG=1",
					"$(inherited)",
				);
				GCC_WARN_64_TO_32_BIT_CONVERSION = YES;
				GCC_WARN_ABOUT_RETURN_TYPE = YES_ERROR;
				GCC_WARN_UNDECLARED_SELECTOR = YES;
				GCC_WARN_UNINITIALIZED_AUTOS = YES_AGGRESSIVE;
				GCC_WARN_UNUSED_FUNCTION = YES;
				GCC_WARN_UNUSED_VARIABLE = YES;
				IPHONEOS_DEPLOYMENT_TARGET = 12.2;
				MTL_ENABLE_DEBUG_INFO = INCLUDE_SOURCE;
				MTL_FAST_MATH = YES;
				ONLY_ACTIVE_ARCH = YES;
				SDKROOT = iphoneos;
				SWIFT_ACTIVE_COMPILATION_CONDITIONS = DEBUG;
				SWIFT_OPTIMIZATION_LEVEL = "-Onone";
				VERSIONING_SYSTEM = "apple-generic";
				VERSION_INFO_PREFIX = "";
			};
			name = Debug;
		};
		4000D75C228DEDE50090CA4E /* Release */ = {
			isa = XCBuildConfiguration;
			buildSettings = {
				ALWAYS_SEARCH_USER_PATHS = NO;
				CLANG_ANALYZER_NONNULL = YES;
				CLANG_ANALYZER_NUMBER_OBJECT_CONVERSION = YES_AGGRESSIVE;
				CLANG_CXX_LANGUAGE_STANDARD = "gnu++14";
				CLANG_CXX_LIBRARY = "libc++";
				CLANG_ENABLE_MODULES = YES;
				CLANG_ENABLE_OBJC_ARC = YES;
				CLANG_ENABLE_OBJC_WEAK = YES;
				CLANG_WARN_BLOCK_CAPTURE_AUTORELEASING = YES;
				CLANG_WARN_BOOL_CONVERSION = YES;
				CLANG_WARN_COMMA = YES;
				CLANG_WARN_CONSTANT_CONVERSION = YES;
				CLANG_WARN_DEPRECATED_OBJC_IMPLEMENTATIONS = YES;
				CLANG_WARN_DIRECT_OBJC_ISA_USAGE = YES_ERROR;
				CLANG_WARN_DOCUMENTATION_COMMENTS = YES;
				CLANG_WARN_EMPTY_BODY = YES;
				CLANG_WARN_ENUM_CONVERSION = YES;
				CLANG_WARN_INFINITE_RECURSION = YES;
				CLANG_WARN_INT_CONVERSION = YES;
				CLANG_WARN_NON_LITERAL_NULL_CONVERSION = YES;
				CLANG_WARN_OBJC_IMPLICIT_RETAIN_SELF = YES;
				CLANG_WARN_OBJC_LITERAL_CONVERSION = YES;
				CLANG_WARN_OBJC_ROOT_CLASS = YES_ERROR;
				CLANG_WARN_RANGE_LOOP_ANALYSIS = YES;
				CLANG_WARN_STRICT_PROTOTYPES = YES;
				CLANG_WARN_SUSPICIOUS_MOVE = YES;
				CLANG_WARN_UNGUARDED_AVAILABILITY = YES_AGGRESSIVE;
				CLANG_WARN_UNREACHABLE_CODE = YES;
				CLANG_WARN__DUPLICATE_METHOD_MATCH = YES;
				CODE_SIGN_IDENTITY = "iPhone Developer";
				COPY_PHASE_STRIP = NO;
				CURRENT_PROJECT_VERSION = 1;
				DEBUG_INFORMATION_FORMAT = "dwarf-with-dsym";
				ENABLE_NS_ASSERTIONS = NO;
				ENABLE_STRICT_OBJC_MSGSEND = YES;
				GCC_C_LANGUAGE_STANDARD = gnu11;
				GCC_NO_COMMON_BLOCKS = YES;
				GCC_WARN_64_TO_32_BIT_CONVERSION = YES;
				GCC_WARN_ABOUT_RETURN_TYPE = YES_ERROR;
				GCC_WARN_UNDECLARED_SELECTOR = YES;
				GCC_WARN_UNINITIALIZED_AUTOS = YES_AGGRESSIVE;
				GCC_WARN_UNUSED_FUNCTION = YES;
				GCC_WARN_UNUSED_VARIABLE = YES;
				IPHONEOS_DEPLOYMENT_TARGET = 12.2;
				MTL_ENABLE_DEBUG_INFO = NO;
				MTL_FAST_MATH = YES;
				SDKROOT = iphoneos;
				SWIFT_COMPILATION_MODE = wholemodule;
				SWIFT_OPTIMIZATION_LEVEL = "-O";
				VALIDATE_PRODUCT = YES;
				VERSIONING_SYSTEM = "apple-generic";
				VERSION_INFO_PREFIX = "";
			};
			name = Release;
		};
		4000D75E228DEDE50090CA4E /* Debug */ = {
			isa = XCBuildConfiguration;
			buildSettings = {
				CODE_SIGN_IDENTITY = "";
				CODE_SIGN_STYLE = Automatic;
				DEFINES_MODULE = YES;
				DEVELOPMENT_TEAM = R596F9CQZ5;
				DYLIB_COMPATIBILITY_VERSION = 1;
				DYLIB_CURRENT_VERSION = 1;
				DYLIB_INSTALL_NAME_BASE = "@rpath";
				INFOPLIST_FILE = FundaApi/Info.plist;
				INSTALL_PATH = "$(LOCAL_LIBRARY_DIR)/Frameworks";
				LD_RUNPATH_SEARCH_PATHS = (
					"$(inherited)",
					"@executable_path/Frameworks",
					"@loader_path/Frameworks",
				);
				PRODUCT_BUNDLE_IDENTIFIER = com.descorp.funda.FundaApi;
				PRODUCT_NAME = "$(TARGET_NAME:c99extidentifier)";
				SKIP_INSTALL = YES;
				SWIFT_VERSION = 5.0;
				TARGETED_DEVICE_FAMILY = "1,2";
			};
			name = Debug;
		};
		4000D75F228DEDE50090CA4E /* Release */ = {
			isa = XCBuildConfiguration;
			buildSettings = {
				CODE_SIGN_IDENTITY = "";
				CODE_SIGN_STYLE = Automatic;
				DEFINES_MODULE = YES;
				DEVELOPMENT_TEAM = R596F9CQZ5;
				DYLIB_COMPATIBILITY_VERSION = 1;
				DYLIB_CURRENT_VERSION = 1;
				DYLIB_INSTALL_NAME_BASE = "@rpath";
				INFOPLIST_FILE = FundaApi/Info.plist;
				INSTALL_PATH = "$(LOCAL_LIBRARY_DIR)/Frameworks";
				LD_RUNPATH_SEARCH_PATHS = (
					"$(inherited)",
					"@executable_path/Frameworks",
					"@loader_path/Frameworks",
				);
				PRODUCT_BUNDLE_IDENTIFIER = com.descorp.funda.FundaApi;
				PRODUCT_NAME = "$(TARGET_NAME:c99extidentifier)";
				SKIP_INSTALL = YES;
				SWIFT_VERSION = 5.0;
				TARGETED_DEVICE_FAMILY = "1,2";
			};
			name = Release;
		};
		4000D761228DEDE50090CA4E /* Debug */ = {
			isa = XCBuildConfiguration;
			buildSettings = {
				CODE_SIGN_STYLE = Automatic;
				DEVELOPMENT_TEAM = R596F9CQZ5;
				INFOPLIST_FILE = FundaApiTests/Info.plist;
				LD_RUNPATH_SEARCH_PATHS = (
					"$(inherited)",
					"@executable_path/Frameworks",
					"@loader_path/Frameworks",
				);
				PRODUCT_BUNDLE_IDENTIFIER = com.descorp.funda.FundaApiTests;
				PRODUCT_NAME = "$(TARGET_NAME)";
				SWIFT_VERSION = 5.0;
				TARGETED_DEVICE_FAMILY = "1,2";
			};
			name = Debug;
		};
		4000D762228DEDE50090CA4E /* Release */ = {
			isa = XCBuildConfiguration;
			buildSettings = {
				CODE_SIGN_STYLE = Automatic;
				DEVELOPMENT_TEAM = R596F9CQZ5;
				INFOPLIST_FILE = FundaApiTests/Info.plist;
				LD_RUNPATH_SEARCH_PATHS = (
					"$(inherited)",
					"@executable_path/Frameworks",
					"@loader_path/Frameworks",
				);
				PRODUCT_BUNDLE_IDENTIFIER = com.descorp.funda.FundaApiTests;
				PRODUCT_NAME = "$(TARGET_NAME)";
				SWIFT_VERSION = 5.0;
				TARGETED_DEVICE_FAMILY = "1,2";
			};
			name = Release;
		};
/* End XCBuildConfiguration section */

/* Begin XCConfigurationList section */
		4000D743228DEDE40090CA4E /* Build configuration list for PBXProject "FundaApi" */ = {
			isa = XCConfigurationList;
			buildConfigurations = (
				4000D75B228DEDE50090CA4E /* Debug */,
				4000D75C228DEDE50090CA4E /* Release */,
			);
			defaultConfigurationIsVisible = 0;
			defaultConfigurationName = Release;
		};
		4000D75D228DEDE50090CA4E /* Build configuration list for PBXNativeTarget "FundaApi" */ = {
			isa = XCConfigurationList;
			buildConfigurations = (
				4000D75E228DEDE50090CA4E /* Debug */,
				4000D75F228DEDE50090CA4E /* Release */,
			);
			defaultConfigurationIsVisible = 0;
			defaultConfigurationName = Release;
		};
		4000D760228DEDE50090CA4E /* Build configuration list for PBXNativeTarget "FundaApiTests" */ = {
			isa = XCConfigurationList;
			buildConfigurations = (
				4000D761228DEDE50090CA4E /* Debug */,
				4000D762228DEDE50090CA4E /* Release */,
			);
			defaultConfigurationIsVisible = 0;
			defaultConfigurationName = Release;
		};
/* End XCConfigurationList section */
	};
	rootObject = 4000D740228DEDE40090CA4E /* Project object */;
}
